
Microsoft Visual Studio Solution File, Format Version 12.00
# Visual Studio Version 17
VisualStudioVersion = 17.4.33213.308
MinimumVisualStudioVersion = 10.0.40219.1
Project("{2150E333-8FDC-42A3-9474-1A3956D46DE8}") = "ConsoleApps", "ConsoleApps", "{47CFA51E-C9D4-4998-8020-00979098541C}"
EndProject
Project("{9A19103F-16F7-4668-BE54-9A1E7A4F7556}") = "ConsoleApp.Tests", "src\ConsoleApp.Tests\ConsoleApp.Tests.csproj", "{F0016DC8-7741-4587-9DEB-FF97738E92CD}"
EndProject
Project("{2150E333-8FDC-42A3-9474-1A3956D46DE8}") = "Domain", "Domain", "{82AEB37F-4827-4169-9211-E15BBF1C25B6}"
EndProject
Project("{2150E333-8FDC-42A3-9474-1A3956D46DE8}") = "Tests", "Tests", "{FF87C1B0-0A95-4CD5-9BAC-3A075828B2F1}"
EndProject
Project("{2150E333-8FDC-42A3-9474-1A3956D46DE8}") = "Domain", "Domain", "{6A619A9D-B538-43E1-8D17-31B143F4EB0C}"
EndProject
Project("{9A19103F-16F7-4668-BE54-9A1E7A4F7556}") = "MyNeuralNetwork.Domain.Tests", "src\MyNeuralNetwork.Domain.Tests\MyNeuralNetwork.Domain.Tests.csproj", "{21A874F5-C707-4F49-A3C4-BAE426CBAD48}"
EndProject
Project("{9A19103F-16F7-4668-BE54-9A1E7A4F7556}") = "MyNeuralNetwork.Domain", "src\MyNeuralNetwork.Domain\MyNeuralNetwork.Domain.csproj", "{57432E0F-C182-4C00-AE0C-DF4B0E8AE279}"
EndProject
Project("{9A19103F-16F7-4668-BE54-9A1E7A4F7556}") = "ConsoleApp.ChartTests", "src\ConsoleApp.ChartTests\ConsoleApp.ChartTests.csproj", "{7C53975B-C865-4C4B-B6D2-48D85DEAF3CB}"
EndProject
Project("{2150E333-8FDC-42A3-9474-1A3956D46DE8}") = "Infra", "Infra", "{1A117F61-6E1A-4196-B449-D8911FB82C7E}"
EndProject
Project("{9A19103F-16F7-4668-BE54-9A1E7A4F7556}") = "Infra", "src\Infra\Infra.csproj", "{272F452A-6BA9-471A-BB96-786FCFEF57DE}"
EndProject
Project("{FAE04EC0-301F-11D3-BF4B-00C04F79EFBC}") = "MyNeuralNetwork.Tests.Utils", "src\MyNeuralNetwork.Tests.Utils\MyNeuralNetwork.Tests.Utils.csproj", "{66C5EEEC-CF67-427D-8E65-7754DE016E63}"
EndProject
Global
	GlobalSection(SolutionConfigurationPlatforms) = preSolution
		Debug|Any CPU = Debug|Any CPU
		Release|Any CPU = Release|Any CPU
	EndGlobalSection
	GlobalSection(ProjectConfigurationPlatforms) = postSolution
		{F0016DC8-7741-4587-9DEB-FF97738E92CD}.Debug|Any CPU.ActiveCfg = Debug|Any CPU
		{F0016DC8-7741-4587-9DEB-FF97738E92CD}.Debug|Any CPU.Build.0 = Debug|Any CPU
		{F0016DC8-7741-4587-9DEB-FF97738E92CD}.Release|Any CPU.ActiveCfg = Release|Any CPU
		{F0016DC8-7741-4587-9DEB-FF97738E92CD}.Release|Any CPU.Build.0 = Release|Any CPU
		{21A874F5-C707-4F49-A3C4-BAE426CBAD48}.Debug|Any CPU.ActiveCfg = Debug|Any CPU
		{21A874F5-C707-4F49-A3C4-BAE426CBAD48}.Debug|Any CPU.Build.0 = Debug|Any CPU
		{21A874F5-C707-4F49-A3C4-BAE426CBAD48}.Release|Any CPU.ActiveCfg = Release|Any CPU
		{21A874F5-C707-4F49-A3C4-BAE426CBAD48}.Release|Any CPU.Build.0 = Release|Any CPU
		{57432E0F-C182-4C00-AE0C-DF4B0E8AE279}.Debug|Any CPU.ActiveCfg = Debug|Any CPU
		{57432E0F-C182-4C00-AE0C-DF4B0E8AE279}.Debug|Any CPU.Build.0 = Debug|Any CPU
		{57432E0F-C182-4C00-AE0C-DF4B0E8AE279}.Release|Any CPU.ActiveCfg = Release|Any CPU
		{57432E0F-C182-4C00-AE0C-DF4B0E8AE279}.Release|Any CPU.Build.0 = Release|Any CPU
		{7C53975B-C865-4C4B-B6D2-48D85DEAF3CB}.Debug|Any CPU.ActiveCfg = Debug|Any CPU
		{7C53975B-C865-4C4B-B6D2-48D85DEAF3CB}.Debug|Any CPU.Build.0 = Debug|Any CPU
		{7C53975B-C865-4C4B-B6D2-48D85DEAF3CB}.Release|Any CPU.ActiveCfg = Release|Any CPU
		{7C53975B-C865-4C4B-B6D2-48D85DEAF3CB}.Release|Any CPU.Build.0 = Release|Any CPU
		{272F452A-6BA9-471A-BB96-786FCFEF57DE}.Debug|Any CPU.ActiveCfg = Debug|Any CPU
		{272F452A-6BA9-471A-BB96-786FCFEF57DE}.Debug|Any CPU.Build.0 = Debug|Any CPU
		{272F452A-6BA9-471A-BB96-786FCFEF57DE}.Release|Any CPU.ActiveCfg = Release|Any CPU
		{272F452A-6BA9-471A-BB96-786FCFEF57DE}.Release|Any CPU.Build.0 = Release|Any CPU
		{66C5EEEC-CF67-427D-8E65-7754DE016E63}.Debug|Any CPU.ActiveCfg = Debug|Any CPU
		{66C5EEEC-CF67-427D-8E65-7754DE016E63}.Debug|Any CPU.Build.0 = Debug|Any CPU
		{66C5EEEC-CF67-427D-8E65-7754DE016E63}.Release|Any CPU.ActiveCfg = Release|Any CPU
		{66C5EEEC-CF67-427D-8E65-7754DE016E63}.Release|Any CPU.Build.0 = Release|Any CPU
	EndGlobalSection
	GlobalSection(SolutionProperties) = preSolution
		HideSolutionNode = FALSE
	EndGlobalSection
	GlobalSection(NestedProjects) = preSolution
		{F0016DC8-7741-4587-9DEB-FF97738E92CD} = {47CFA51E-C9D4-4998-8020-00979098541C}
		{6A619A9D-B538-43E1-8D17-31B143F4EB0C} = {FF87C1B0-0A95-4CD5-9BAC-3A075828B2F1}
		{21A874F5-C707-4F49-A3C4-BAE426CBAD48} = {6A619A9D-B538-43E1-8D17-31B143F4EB0C}
		{57432E0F-C182-4C00-AE0C-DF4B0E8AE279} = {82AEB37F-4827-4169-9211-E15BBF1C25B6}
		{7C53975B-C865-4C4B-B6D2-48D85DEAF3CB} = {47CFA51E-C9D4-4998-8020-00979098541C}
		{272F452A-6BA9-471A-BB96-786FCFEF57DE} = {1A117F61-6E1A-4196-B449-D8911FB82C7E}
		{66C5EEEC-CF67-427D-8E65-7754DE016E63} = {FF87C1B0-0A95-4CD5-9BAC-3A075828B2F1}
	EndGlobalSection
	GlobalSection(ExtensibilityGlobals) = postSolution
		SolutionGuid = {1DB7C8AB-DC9B-4CE9-91F9-C9F5AD8427F8}
	EndGlobalSection
EndGlobal
